
Microsoft Visual Studio Solution File, Format Version 12.00
# Visual Studio Version 16
VisualStudioVersion = 16.0.31613.86
MinimumVisualStudioVersion = 10.0.40219.1
Project("{9A19103F-16F7-4668-BE54-9A1E7A4F7556}") = "RunnerAvalon", "RunnerAvalon.csproj", "{C17C4326-E4BD-486E-9B28-45531D641839}"
EndProject
Global
	GlobalSection(SolutionConfigurationPlatforms) = preSolution
		Debug|Any CPU = Debug|Any CPU
		Release|Any CPU = Release|Any CPU
	EndGlobalSection
	GlobalSection(ProjectConfigurationPlatforms) = postSolution
		{C17C4326-E4BD-486E-9B28-45531D641839}.Debug|Any CPU.ActiveCfg = Debug|Any CPU
		{C17C4326-E4BD-486E-9B28-45531D641839}.Debug|Any CPU.Build.0 = Debug|Any CPU
		{C17C4326-E4BD-486E-9B28-45531D641839}.Release|Any CPU.ActiveCfg = Release|Any CPU
		{C17C4326-E4BD-486E-9B28-45531D641839}.Release|Any CPU.Build.0 = Release|Any CPU
	EndGlobalSection
	GlobalSection(SolutionProperties) = preSolution
		HideSolutionNode = FALSE
	EndGlobalSection
	GlobalSection(ExtensibilityGlobals) = postSolution
		SolutionGuid = {94B41C6E-FF30-44EF-83ED-13936BA32570}
	EndGlobalSection
EndGlobal
